
Microsoft Visual Studio Solution File, Format Version 12.00
Project("{FAE04EC0-301F-11D3-BF4B-00C04F79EFBC}") = "DateidublettenTest", "DateidublettenTest\DateidublettenTest.csproj", "{5CDC67CA-8FCC-415C-B9DA-607DF77E0015}"
EndProject
Project("{FAE04EC0-301F-11D3-BF4B-00C04F79EFBC}") = "Dateidubletten", "Dateidubletten\Dateidubletten.csproj", "{5E50EB96-12D1-4F18-BFEB-99288E49F866}"
EndProject
Global
	GlobalSection(SolutionConfigurationPlatforms) = preSolution
		Debug|Any CPU = Debug|Any CPU
		Release|Any CPU = Release|Any CPU
	EndGlobalSection
	GlobalSection(ProjectConfigurationPlatforms) = postSolution
		{5CDC67CA-8FCC-415C-B9DA-607DF77E0015}.Debug|Any CPU.ActiveCfg = Debug|Any CPU
		{5CDC67CA-8FCC-415C-B9DA-607DF77E0015}.Debug|Any CPU.Build.0 = Debug|Any CPU
		{5CDC67CA-8FCC-415C-B9DA-607DF77E0015}.Release|Any CPU.ActiveCfg = Release|Any CPU
		{5CDC67CA-8FCC-415C-B9DA-607DF77E0015}.Release|Any CPU.Build.0 = Release|Any CPU
		{5E50EB96-12D1-4F18-BFEB-99288E49F866}.Debug|Any CPU.ActiveCfg = Debug|Any CPU
		{5E50EB96-12D1-4F18-BFEB-99288E49F866}.Debug|Any CPU.Build.0 = Debug|Any CPU
		{5E50EB96-12D1-4F18-BFEB-99288E49F866}.Release|Any CPU.ActiveCfg = Release|Any CPU
		{5E50EB96-12D1-4F18-BFEB-99288E49F866}.Release|Any CPU.Build.0 = Release|Any CPU
	EndGlobalSection
EndGlobal
